
Microsoft Visual Studio Solution File, Format Version 12.00
# Visual Studio Version 17
VisualStudioVersion = 17.14.36127.28
MinimumVisualStudioVersion = 10.0.40219.1
Project("{FAE04EC0-301F-11D3-BF4B-00C04F79EFBC}") = "MothAphotheaShopAPI", "MothAphotheaShopAPI\MothAphotheaShopAPI.csproj", "{5FF099F0-AE3B-487F-9E64-282F7EADF1DF}"
EndProject
Global
	GlobalSection(SolutionConfigurationPlatforms) = preSolution
		Debug|Any CPU = Debug|Any CPU
		Release|Any CPU = Release|Any CPU
	EndGlobalSection
	GlobalSection(ProjectConfigurationPlatforms) = postSolution
		{5FF099F0-AE3B-487F-9E64-282F7EADF1DF}.Debug|Any CPU.ActiveCfg = Debug|Any CPU
		{5FF099F0-AE3B-487F-9E64-282F7EADF1DF}.Debug|Any CPU.Build.0 = Debug|Any CPU
		{5FF099F0-AE3B-487F-9E64-282F7EADF1DF}.Release|Any CPU.ActiveCfg = Release|Any CPU
		{5FF099F0-AE3B-487F-9E64-282F7EADF1DF}.Release|Any CPU.Build.0 = Release|Any CPU
	EndGlobalSection
	GlobalSection(SolutionProperties) = preSolution
		HideSolutionNode = FALSE
	EndGlobalSection
	GlobalSection(ExtensibilityGlobals) = postSolution
		SolutionGuid = {D74F3A0E-7B61-4C78-BBA2-87345C2C03CD}
	EndGlobalSection
EndGlobal
